// !$*UTF8*$!
{
	archiveVersion = 1;
	classes = {
	};
	objectVersion = 56;
	objects = {

/* Begin PBXBuildFile section */
		18439AEF2ECB5CB79391BDE4 /* Pods_NewsletterApp_NewsletterAppUITests.framework in Frameworks */ = {isa = PBXBuildFile; fileRef = 60A1D63520B53E753EF22281 /* Pods_NewsletterApp_NewsletterAppUITests.framework */; };
		A01B9D692B3B553400FAC7AF /* NewsTableViewCellTests.swift in Sources */ = {isa = PBXBuildFile; fileRef = A01B9D662B3B54C200FAC7AF /* NewsTableViewCellTests.swift */; };
		A056041D2B3B492D0049B41B /* AppDelegate.swift in Sources */ = {isa = PBXBuildFile; fileRef = A056041C2B3B492D0049B41B /* AppDelegate.swift */; };
		A056041F2B3B492D0049B41B /* SceneDelegate.swift in Sources */ = {isa = PBXBuildFile; fileRef = A056041E2B3B492D0049B41B /* SceneDelegate.swift */; };
		A05604212B3B492D0049B41B /* ViewController.swift in Sources */ = {isa = PBXBuildFile; fileRef = A05604202B3B492D0049B41B /* ViewController.swift */; };
		A05604242B3B492D0049B41B /* Main.storyboard in Resources */ = {isa = PBXBuildFile; fileRef = A05604222B3B492D0049B41B /* Main.storyboard */; };
		A05604262B3B492E0049B41B /* Assets.xcassets in Resources */ = {isa = PBXBuildFile; fileRef = A05604252B3B492E0049B41B /* Assets.xcassets */; };
		A05604292B3B492E0049B41B /* LaunchScreen.storyboard in Resources */ = {isa = PBXBuildFile; fileRef = A05604272B3B492E0049B41B /* LaunchScreen.storyboard */; };
		A05604342B3B492E0049B41B /* NewsletterAppTests.swift in Sources */ = {isa = PBXBuildFile; fileRef = A05604332B3B492E0049B41B /* NewsletterAppTests.swift */; };
		A056043E2B3B492E0049B41B /* NewsletterAppUITests.swift in Sources */ = {isa = PBXBuildFile; fileRef = A056043D2B3B492E0049B41B /* NewsletterAppUITests.swift */; };
		A05604402B3B492E0049B41B /* NewsletterAppUITestsLaunchTests.swift in Sources */ = {isa = PBXBuildFile; fileRef = A056043F2B3B492E0049B41B /* NewsletterAppUITestsLaunchTests.swift */; };
		A056044F2B3B4D540049B41B /* NewsModel.swift in Sources */ = {isa = PBXBuildFile; fileRef = A056044E2B3B4D540049B41B /* NewsModel.swift */; };
		A05604522B3B4F450049B41B /* NewsTableViewCell.swift in Sources */ = {isa = PBXBuildFile; fileRef = A05604512B3B4F450049B41B /* NewsTableViewCell.swift */; };
		AB0CEF1243972E048F02A2D9 /* Pods_NewsletterAppTests.framework in Frameworks */ = {isa = PBXBuildFile; fileRef = C74854F032CE1C52E2646701 /* Pods_NewsletterAppTests.framework */; };
		B88BCE8B975D25B1BD5172E4 /* Pods_NewsletterApp.framework in Frameworks */ = {isa = PBXBuildFile; fileRef = 841F445E434AFE7DCF548F5A /* Pods_NewsletterApp.framework */; };
/* End PBXBuildFile section */

/* Begin PBXContainerItemProxy section */
		A05604302B3B492E0049B41B /* PBXContainerItemProxy */ = {
			isa = PBXContainerItemProxy;
			containerPortal = A05604112B3B492D0049B41B /* Project object */;
			proxyType = 1;
			remoteGlobalIDString = A05604182B3B492D0049B41B;
			remoteInfo = NewsletterApp;
		};
		A056043A2B3B492E0049B41B /* PBXContainerItemProxy */ = {
			isa = PBXContainerItemProxy;
			containerPortal = A05604112B3B492D0049B41B /* Project object */;
			proxyType = 1;
			remoteGlobalIDString = A05604182B3B492D0049B41B;
			remoteInfo = NewsletterApp;
		};
/* End PBXContainerItemProxy section */

/* Begin PBXFileReference section */
		0F116747740E9A71045400B6 /* Pods-NewsletterApp-NewsletterAppUITests.debug.xcconfig */ = {isa = PBXFileReference; includeInIndex = 1; lastKnownFileType = text.xcconfig; name = "Pods-NewsletterApp-NewsletterAppUITests.debug.xcconfig"; path = "Target Support Files/Pods-NewsletterApp-NewsletterAppUITests/Pods-NewsletterApp-NewsletterAppUITests.debug.xcconfig"; sourceTree = "<group>"; };
		5BE946EB9630192C114AAA4A /* Pods-NewsletterApp-NewsletterAppUITests.release.xcconfig */ = {isa = PBXFileReference; includeInIndex = 1; lastKnownFileType = text.xcconfig; name = "Pods-NewsletterApp-NewsletterAppUITests.release.xcconfig"; path = "Target Support Files/Pods-NewsletterApp-NewsletterAppUITests/Pods-NewsletterApp-NewsletterAppUITests.release.xcconfig"; sourceTree = "<group>"; };
		60A1D63520B53E753EF22281 /* Pods_NewsletterApp_NewsletterAppUITests.framework */ = {isa = PBXFileReference; explicitFileType = wrapper.framework; includeInIndex = 0; path = Pods_NewsletterApp_NewsletterAppUITests.framework; sourceTree = BUILT_PRODUCTS_DIR; };
		657B6FFF4DFA56CA95139BE2 /* Pods-NewsletterAppTests.debug.xcconfig */ = {isa = PBXFileReference; includeInIndex = 1; lastKnownFileType = text.xcconfig; name = "Pods-NewsletterAppTests.debug.xcconfig"; path = "Target Support Files/Pods-NewsletterAppTests/Pods-NewsletterAppTests.debug.xcconfig"; sourceTree = "<group>"; };
		841F445E434AFE7DCF548F5A /* Pods_NewsletterApp.framework */ = {isa = PBXFileReference; explicitFileType = wrapper.framework; includeInIndex = 0; path = Pods_NewsletterApp.framework; sourceTree = BUILT_PRODUCTS_DIR; };
		A01B9D662B3B54C200FAC7AF /* NewsTableViewCellTests.swift */ = {isa = PBXFileReference; lastKnownFileType = sourcecode.swift; path = NewsTableViewCellTests.swift; sourceTree = "<group>"; };
		A05604192B3B492D0049B41B /* NewsletterApp.app */ = {isa = PBXFileReference; explicitFileType = wrapper.application; includeInIndex = 0; path = NewsletterApp.app; sourceTree = BUILT_PRODUCTS_DIR; };
		A056041C2B3B492D0049B41B /* AppDelegate.swift */ = {isa = PBXFileReference; lastKnownFileType = sourcecode.swift; path = AppDelegate.swift; sourceTree = "<group>"; };
		A056041E2B3B492D0049B41B /* SceneDelegate.swift */ = {isa = PBXFileReference; lastKnownFileType = sourcecode.swift; path = SceneDelegate.swift; sourceTree = "<group>"; };
		A05604202B3B492D0049B41B /* ViewController.swift */ = {isa = PBXFileReference; lastKnownFileType = sourcecode.swift; path = ViewController.swift; sourceTree = "<group>"; };
		A05604232B3B492D0049B41B /* Base */ = {isa = PBXFileReference; lastKnownFileType = file.storyboard; name = Base; path = Base.lproj/Main.storyboard; sourceTree = "<group>"; };
		A05604252B3B492E0049B41B /* Assets.xcassets */ = {isa = PBXFileReference; lastKnownFileType = folder.assetcatalog; path = Assets.xcassets; sourceTree = "<group>"; };
		A05604282B3B492E0049B41B /* Base */ = {isa = PBXFileReference; lastKnownFileType = file.storyboard; name = Base; path = Base.lproj/LaunchScreen.storyboard; sourceTree = "<group>"; };
		A056042A2B3B492E0049B41B /* Info.plist */ = {isa = PBXFileReference; lastKnownFileType = text.plist.xml; path = Info.plist; sourceTree = "<group>"; };
		A056042F2B3B492E0049B41B /* NewsletterAppTests.xctest */ = {isa = PBXFileReference; explicitFileType = wrapper.cfbundle; includeInIndex = 0; path = NewsletterAppTests.xctest; sourceTree = BUILT_PRODUCTS_DIR; };
		A05604332B3B492E0049B41B /* NewsletterAppTests.swift */ = {isa = PBXFileReference; lastKnownFileType = sourcecode.swift; path = NewsletterAppTests.swift; sourceTree = "<group>"; };
		A05604392B3B492E0049B41B /* NewsletterAppUITests.xctest */ = {isa = PBXFileReference; explicitFileType = wrapper.cfbundle; includeInIndex = 0; path = NewsletterAppUITests.xctest; sourceTree = BUILT_PRODUCTS_DIR; };
		A056043D2B3B492E0049B41B /* NewsletterAppUITests.swift */ = {isa = PBXFileReference; lastKnownFileType = sourcecode.swift; path = NewsletterAppUITests.swift; sourceTree = "<group>"; };
		A056043F2B3B492E0049B41B /* NewsletterAppUITestsLaunchTests.swift */ = {isa = PBXFileReference; lastKnownFileType = sourcecode.swift; path = NewsletterAppUITestsLaunchTests.swift; sourceTree = "<group>"; };
		A056044E2B3B4D540049B41B /* NewsModel.swift */ = {isa = PBXFileReference; lastKnownFileType = sourcecode.swift; path = NewsModel.swift; sourceTree = "<group>"; };
		A05604512B3B4F450049B41B /* NewsTableViewCell.swift */ = {isa = PBXFileReference; lastKnownFileType = sourcecode.swift; path = NewsTableViewCell.swift; sourceTree = "<group>"; };
		B513A6752F32988BA5F79847 /* Pods-NewsletterApp.debug.xcconfig */ = {isa = PBXFileReference; includeInIndex = 1; lastKnownFileType = text.xcconfig; name = "Pods-NewsletterApp.debug.xcconfig"; path = "Target Support Files/Pods-NewsletterApp/Pods-NewsletterApp.debug.xcconfig"; sourceTree = "<group>"; };
		B804BC45052E4EBF316ED8A6 /* Pods-NewsletterApp.release.xcconfig */ = {isa = PBXFileReference; includeInIndex = 1; lastKnownFileType = text.xcconfig; name = "Pods-NewsletterApp.release.xcconfig"; path = "Target Support Files/Pods-NewsletterApp/Pods-NewsletterApp.release.xcconfig"; sourceTree = "<group>"; };
		C74854F032CE1C52E2646701 /* Pods_NewsletterAppTests.framework */ = {isa = PBXFileReference; explicitFileType = wrapper.framework; includeInIndex = 0; path = Pods_NewsletterAppTests.framework; sourceTree = BUILT_PRODUCTS_DIR; };
		FECE3BCBD7A54BB59906D33C /* Pods-NewsletterAppTests.release.xcconfig */ = {isa = PBXFileReference; includeInIndex = 1; lastKnownFileType = text.xcconfig; name = "Pods-NewsletterAppTests.release.xcconfig"; path = "Target Support Files/Pods-NewsletterAppTests/Pods-NewsletterAppTests.release.xcconfig"; sourceTree = "<group>"; };
/* End PBXFileReference section */

/* Begin PBXFrameworksBuildPhase section */
		A05604162B3B492D0049B41B /* Frameworks */ = {
			isa = PBXFrameworksBuildPhase;
			buildActionMask = 2147483647;
			files = (
				B88BCE8B975D25B1BD5172E4 /* Pods_NewsletterApp.framework in Frameworks */,
			);
			runOnlyForDeploymentPostprocessing = 0;
		};
		A056042C2B3B492E0049B41B /* Frameworks */ = {
			isa = PBXFrameworksBuildPhase;
			buildActionMask = 2147483647;
			files = (
				AB0CEF1243972E048F02A2D9 /* Pods_NewsletterAppTests.framework in Frameworks */,
			);
			runOnlyForDeploymentPostprocessing = 0;
		};
		A05604362B3B492E0049B41B /* Frameworks */ = {
			isa = PBXFrameworksBuildPhase;
			buildActionMask = 2147483647;
			files = (
				18439AEF2ECB5CB79391BDE4 /* Pods_NewsletterApp_NewsletterAppUITests.framework in Frameworks */,
			);
			runOnlyForDeploymentPostprocessing = 0;
		};
/* End PBXFrameworksBuildPhase section */

/* Begin PBXGroup section */
		A05604102B3B492D0049B41B = {
			isa = PBXGroup;
			children = (
				A056041B2B3B492D0049B41B /* NewsletterApp */,
				A05604322B3B492E0049B41B /* NewsletterAppTests */,
				A056043C2B3B492E0049B41B /* NewsletterAppUITests */,
				A056041A2B3B492D0049B41B /* Products */,
				DF803C68FF215C5AB16DF2F8 /* Pods */,
				FB666B9A8A1F29D272E311BB /* Frameworks */,
			);
			sourceTree = "<group>";
		};
		A056041A2B3B492D0049B41B /* Products */ = {
			isa = PBXGroup;
			children = (
				A05604192B3B492D0049B41B /* NewsletterApp.app */,
				A056042F2B3B492E0049B41B /* NewsletterAppTests.xctest */,
				A05604392B3B492E0049B41B /* NewsletterAppUITests.xctest */,
			);
			name = Products;
			sourceTree = "<group>";
		};
		A056041B2B3B492D0049B41B /* NewsletterApp */ = {
			isa = PBXGroup;
			children = (
				A056044C2B3B4BA40049B41B /* News */,
				A056041C2B3B492D0049B41B /* AppDelegate.swift */,
				A056041E2B3B492D0049B41B /* SceneDelegate.swift */,
				A05604202B3B492D0049B41B /* ViewController.swift */,
				A05604222B3B492D0049B41B /* Main.storyboard */,
				A05604252B3B492E0049B41B /* Assets.xcassets */,
				A05604272B3B492E0049B41B /* LaunchScreen.storyboard */,
				A056042A2B3B492E0049B41B /* Info.plist */,
			);
			path = NewsletterApp;
			sourceTree = "<group>";
		};
		A05604322B3B492E0049B41B /* NewsletterAppTests */ = {
			isa = PBXGroup;
			children = (
				A05604332B3B492E0049B41B /* NewsletterAppTests.swift */,
				A01B9D662B3B54C200FAC7AF /* NewsTableViewCellTests.swift */,
			);
			path = NewsletterAppTests;
			sourceTree = "<group>";
		};
		A056043C2B3B492E0049B41B /* NewsletterAppUITests */ = {
			isa = PBXGroup;
			children = (
				A056043D2B3B492E0049B41B /* NewsletterAppUITests.swift */,
				A056043F2B3B492E0049B41B /* NewsletterAppUITestsLaunchTests.swift */,
			);
			path = NewsletterAppUITests;
			sourceTree = "<group>";
		};
		A056044C2B3B4BA40049B41B /* News */ = {
			isa = PBXGroup;
			children = (
				A05604502B3B4F130049B41B /* NewsCell */,
				A056044D2B3B4D440049B41B /* Model */,
			);
			path = News;
			sourceTree = "<group>";
		};
		A056044D2B3B4D440049B41B /* Model */ = {
			isa = PBXGroup;
			children = (
				A056044E2B3B4D540049B41B /* NewsModel.swift */,
			);
			path = Model;
			sourceTree = "<group>";
		};
		A05604502B3B4F130049B41B /* NewsCell */ = {
			isa = PBXGroup;
			children = (
				A05604512B3B4F450049B41B /* NewsTableViewCell.swift */,
			);
			path = NewsCell;
			sourceTree = "<group>";
		};
		DF803C68FF215C5AB16DF2F8 /* Pods */ = {
			isa = PBXGroup;
			children = (
				B513A6752F32988BA5F79847 /* Pods-NewsletterApp.debug.xcconfig */,
				B804BC45052E4EBF316ED8A6 /* Pods-NewsletterApp.release.xcconfig */,
				0F116747740E9A71045400B6 /* Pods-NewsletterApp-NewsletterAppUITests.debug.xcconfig */,
				5BE946EB9630192C114AAA4A /* Pods-NewsletterApp-NewsletterAppUITests.release.xcconfig */,
				657B6FFF4DFA56CA95139BE2 /* Pods-NewsletterAppTests.debug.xcconfig */,
				FECE3BCBD7A54BB59906D33C /* Pods-NewsletterAppTests.release.xcconfig */,
			);
			path = Pods;
			sourceTree = "<group>";
		};
		FB666B9A8A1F29D272E311BB /* Frameworks */ = {
			isa = PBXGroup;
			children = (
				841F445E434AFE7DCF548F5A /* Pods_NewsletterApp.framework */,
				60A1D63520B53E753EF22281 /* Pods_NewsletterApp_NewsletterAppUITests.framework */,
				C74854F032CE1C52E2646701 /* Pods_NewsletterAppTests.framework */,
			);
			name = Frameworks;
			sourceTree = "<group>";
		};
/* End PBXGroup section */

/* Begin PBXNativeTarget section */
		A05604182B3B492D0049B41B /* NewsletterApp */ = {
			isa = PBXNativeTarget;
			buildConfigurationList = A05604432B3B492E0049B41B /* Build configuration list for PBXNativeTarget "NewsletterApp" */;
			buildPhases = (
				364E2DD2A7F5764AB82BD29E /* [CP] Check Pods Manifest.lock */,
				A05604152B3B492D0049B41B /* Sources */,
				A05604162B3B492D0049B41B /* Frameworks */,
				A05604172B3B492D0049B41B /* Resources */,
			);
			buildRules = (
			);
			dependencies = (
			);
			name = NewsletterApp;
			productName = NewsletterApp;
			productReference = A05604192B3B492D0049B41B /* NewsletterApp.app */;
			productType = "com.apple.product-type.application";
		};
		A056042E2B3B492E0049B41B /* NewsletterAppTests */ = {
			isa = PBXNativeTarget;
			buildConfigurationList = A05604462B3B492E0049B41B /* Build configuration list for PBXNativeTarget "NewsletterAppTests" */;
			buildPhases = (
				6B1EBE6CCAD3C03EA20BBE5A /* [CP] Check Pods Manifest.lock */,
				A056042B2B3B492E0049B41B /* Sources */,
				A056042C2B3B492E0049B41B /* Frameworks */,
				A056042D2B3B492E0049B41B /* Resources */,
				18297DA0965C43F8CA7E62B4 /* [CP] Embed Pods Frameworks */,
			);
			buildRules = (
			);
			dependencies = (
				A05604312B3B492E0049B41B /* PBXTargetDependency */,
			);
			name = NewsletterAppTests;
			productName = NewsletterAppTests;
			productReference = A056042F2B3B492E0049B41B /* NewsletterAppTests.xctest */;
			productType = "com.apple.product-type.bundle.unit-test";
		};
		A05604382B3B492E0049B41B /* NewsletterAppUITests */ = {
			isa = PBXNativeTarget;
			buildConfigurationList = A05604492B3B492E0049B41B /* Build configuration list for PBXNativeTarget "NewsletterAppUITests" */;
			buildPhases = (
				DB87C77B047E36450510BF57 /* [CP] Check Pods Manifest.lock */,
				A05604352B3B492E0049B41B /* Sources */,
				A05604362B3B492E0049B41B /* Frameworks */,
				A05604372B3B492E0049B41B /* Resources */,
			);
			buildRules = (
			);
			dependencies = (
				A056043B2B3B492E0049B41B /* PBXTargetDependency */,
			);
			name = NewsletterAppUITests;
			productName = NewsletterAppUITests;
			productReference = A05604392B3B492E0049B41B /* NewsletterAppUITests.xctest */;
			productType = "com.apple.product-type.bundle.ui-testing";
		};
/* End PBXNativeTarget section */

/* Begin PBXProject section */
		A05604112B3B492D0049B41B /* Project object */ = {
			isa = PBXProject;
			attributes = {
				BuildIndependentTargetsInParallel = 1;
				LastSwiftUpdateCheck = 1500;
				LastUpgradeCheck = 1500;
				TargetAttributes = {
					A05604182B3B492D0049B41B = {
						CreatedOnToolsVersion = 15.0;
					};
					A056042E2B3B492E0049B41B = {
						CreatedOnToolsVersion = 15.0;
						TestTargetID = A05604182B3B492D0049B41B;
					};
					A05604382B3B492E0049B41B = {
						CreatedOnToolsVersion = 15.0;
						TestTargetID = A05604182B3B492D0049B41B;
					};
				};
			};
			buildConfigurationList = A05604142B3B492D0049B41B /* Build configuration list for PBXProject "NewsletterApp" */;
			compatibilityVersion = "Xcode 14.0";
			developmentRegion = en;
			hasScannedForEncodings = 0;
			knownRegions = (
				en,
				Base,
			);
			mainGroup = A05604102B3B492D0049B41B;
			productRefGroup = A056041A2B3B492D0049B41B /* Products */;
			projectDirPath = "";
			projectRoot = "";
			targets = (
				A05604182B3B492D0049B41B /* NewsletterApp */,
				A056042E2B3B492E0049B41B /* NewsletterAppTests */,
				A05604382B3B492E0049B41B /* NewsletterAppUITests */,
			);
		};
/* End PBXProject section */

/* Begin PBXResourcesBuildPhase section */
		A05604172B3B492D0049B41B /* Resources */ = {
			isa = PBXResourcesBuildPhase;
			buildActionMask = 2147483647;
			files = (
				A05604292B3B492E0049B41B /* LaunchScreen.storyboard in Resources */,
				A05604262B3B492E0049B41B /* Assets.xcassets in Resources */,
				A05604242B3B492D0049B41B /* Main.storyboard in Resources */,
			);
			runOnlyForDeploymentPostprocessing = 0;
		};
		A056042D2B3B492E0049B41B /* Resources */ = {
			isa = PBXResourcesBuildPhase;
			buildActionMask = 2147483647;
			files = (
			);
			runOnlyForDeploymentPostprocessing = 0;
		};
		A05604372B3B492E0049B41B /* Resources */ = {
			isa = PBXResourcesBuildPhase;
			buildActionMask = 2147483647;
			files = (
			);
			runOnlyForDeploymentPostprocessing = 0;
		};
/* End PBXResourcesBuildPhase section */

/* Begin PBXShellScriptBuildPhase section */
		18297DA0965C43F8CA7E62B4 /* [CP] Embed Pods Frameworks */ = {
			isa = PBXShellScriptBuildPhase;
			buildActionMask = 2147483647;
			files = (
			);
			inputFileListPaths = (
				"${PODS_ROOT}/Target Support Files/Pods-NewsletterAppTests/Pods-NewsletterAppTests-frameworks-${CONFIGURATION}-input-files.xcfilelist",
			);
			name = "[CP] Embed Pods Frameworks";
			outputFileListPaths = (
				"${PODS_ROOT}/Target Support Files/Pods-NewsletterAppTests/Pods-NewsletterAppTests-frameworks-${CONFIGURATION}-output-files.xcfilelist",
			);
			runOnlyForDeploymentPostprocessing = 0;
			shellPath = /bin/sh;
			shellScript = "\"${PODS_ROOT}/Target Support Files/Pods-NewsletterAppTests/Pods-NewsletterAppTests-frameworks.sh\"\n";
			showEnvVarsInLog = 0;
		};
		364E2DD2A7F5764AB82BD29E /* [CP] Check Pods Manifest.lock */ = {
			isa = PBXShellScriptBuildPhase;
			buildActionMask = 2147483647;
			files = (
			);
			inputFileListPaths = (
			);
			inputPaths = (
				"${PODS_PODFILE_DIR_PATH}/Podfile.lock",
				"${PODS_ROOT}/Manifest.lock",
			);
			name = "[CP] Check Pods Manifest.lock";
			outputFileListPaths = (
			);
			outputPaths = (
				"$(DERIVED_FILE_DIR)/Pods-NewsletterApp-checkManifestLockResult.txt",
			);
			runOnlyForDeploymentPostprocessing = 0;
			shellPath = /bin/sh;
			shellScript = "diff \"${PODS_PODFILE_DIR_PATH}/Podfile.lock\" \"${PODS_ROOT}/Manifest.lock\" > /dev/null\nif [ $? != 0 ] ; then\n    # print error to STDERR\n    echo \"error: The sandbox is not in sync with the Podfile.lock. Run 'pod install' or update your CocoaPods installation.\" >&2\n    exit 1\nfi\n# This output is used by Xcode 'outputs' to avoid re-running this script phase.\necho \"SUCCESS\" > \"${SCRIPT_OUTPUT_FILE_0}\"\n";
			showEnvVarsInLog = 0;
		};
		6B1EBE6CCAD3C03EA20BBE5A /* [CP] Check Pods Manifest.lock */ = {
			isa = PBXShellScriptBuildPhase;
			buildActionMask = 2147483647;
			files = (
			);
			inputFileListPaths = (
			);
			inputPaths = (
				"${PODS_PODFILE_DIR_PATH}/Podfile.lock",
				"${PODS_ROOT}/Manifest.lock",
			);
			name = "[CP] Check Pods Manifest.lock";
			outputFileListPaths = (
			);
			outputPaths = (
				"$(DERIVED_FILE_DIR)/Pods-NewsletterAppTests-checkManifestLockResult.txt",
			);
			runOnlyForDeploymentPostprocessing = 0;
			shellPath = /bin/sh;
			shellScript = "diff \"${PODS_PODFILE_DIR_PATH}/Podfile.lock\" \"${PODS_ROOT}/Manifest.lock\" > /dev/null\nif [ $? != 0 ] ; then\n    # print error to STDERR\n    echo \"error: The sandbox is not in sync with the Podfile.lock. Run 'pod install' or update your CocoaPods installation.\" >&2\n    exit 1\nfi\n# This output is used by Xcode 'outputs' to avoid re-running this script phase.\necho \"SUCCESS\" > \"${SCRIPT_OUTPUT_FILE_0}\"\n";
			showEnvVarsInLog = 0;
		};
		DB87C77B047E36450510BF57 /* [CP] Check Pods Manifest.lock */ = {
			isa = PBXShellScriptBuildPhase;
			buildActionMask = 2147483647;
			files = (
			);
			inputFileListPaths = (
			);
			inputPaths = (
				"${PODS_PODFILE_DIR_PATH}/Podfile.lock",
				"${PODS_ROOT}/Manifest.lock",
			);
			name = "[CP] Check Pods Manifest.lock";
			outputFileListPaths = (
			);
			outputPaths = (
				"$(DERIVED_FILE_DIR)/Pods-NewsletterApp-NewsletterAppUITests-checkManifestLockResult.txt",
			);
			runOnlyForDeploymentPostprocessing = 0;
			shellPath = /bin/sh;
			shellScript = "diff \"${PODS_PODFILE_DIR_PATH}/Podfile.lock\" \"${PODS_ROOT}/Manifest.lock\" > /dev/null\nif [ $? != 0 ] ; then\n    # print error to STDERR\n    echo \"error: The sandbox is not in sync with the Podfile.lock. Run 'pod install' or update your CocoaPods installation.\" >&2\n    exit 1\nfi\n# This output is used by Xcode 'outputs' to avoid re-running this script phase.\necho \"SUCCESS\" > \"${SCRIPT_OUTPUT_FILE_0}\"\n";
			showEnvVarsInLog = 0;
		};
/* End PBXShellScriptBuildPhase section */

/* Begin PBXSourcesBuildPhase section */
		A05604152B3B492D0049B41B /* Sources */ = {
			isa = PBXSourcesBuildPhase;
			buildActionMask = 2147483647;
			files = (
				A056044F2B3B4D540049B41B /* NewsModel.swift in Sources */,
				A05604212B3B492D0049B41B /* ViewController.swift in Sources */,
				A05604522B3B4F450049B41B /* NewsTableViewCell.swift in Sources */,
				A056041D2B3B492D0049B41B /* AppDelegate.swift in Sources */,
				A056041F2B3B492D0049B41B /* SceneDelegate.swift in Sources */,
			);
			runOnlyForDeploymentPostprocessing = 0;
		};
		A056042B2B3B492E0049B41B /* Sources */ = {
			isa = PBXSourcesBuildPhase;
			buildActionMask = 2147483647;
			files = (
				A01B9D692B3B553400FAC7AF /* NewsTableViewCellTests.swift in Sources */,
				A05604342B3B492E0049B41B /* NewsletterAppTests.swift in Sources */,
			);
			runOnlyForDeploymentPostprocessing = 0;
		};
		A05604352B3B492E0049B41B /* Sources */ = {
			isa = PBXSourcesBuildPhase;
			buildActionMask = 2147483647;
			files = (
				A056043E2B3B492E0049B41B /* NewsletterAppUITests.swift in Sources */,
				A05604402B3B492E0049B41B /* NewsletterAppUITestsLaunchTests.swift in Sources */,
			);
			runOnlyForDeploymentPostprocessing = 0;
		};
/* End PBXSourcesBuildPhase section */

/* Begin PBXTargetDependency section */
		A05604312B3B492E0049B41B /* PBXTargetDependency */ = {
			isa = PBXTargetDependency;
			target = A05604182B3B492D0049B41B /* NewsletterApp */;
			targetProxy = A05604302B3B492E0049B41B /* PBXContainerItemProxy */;
		};
		A056043B2B3B492E0049B41B /* PBXTargetDependency */ = {
			isa = PBXTargetDependency;
			target = A05604182B3B492D0049B41B /* NewsletterApp */;
			targetProxy = A056043A2B3B492E0049B41B /* PBXContainerItemProxy */;
		};
/* End PBXTargetDependency section */

/* Begin PBXVariantGroup section */
		A05604222B3B492D0049B41B /* Main.storyboard */ = {
			isa = PBXVariantGroup;
			children = (
				A05604232B3B492D0049B41B /* Base */,
			);
			name = Main.storyboard;
			sourceTree = "<group>";
		};
		A05604272B3B492E0049B41B /* LaunchScreen.storyboard */ = {
			isa = PBXVariantGroup;
			children = (
				A05604282B3B492E0049B41B /* Base */,
			);
			name = LaunchScreen.storyboard;
			sourceTree = "<group>";
		};
/* End PBXVariantGroup section */

/* Begin XCBuildConfiguration section */
		A05604412B3B492E0049B41B /* Debug */ = {
			isa = XCBuildConfiguration;
			buildSettings = {
				ALWAYS_SEARCH_USER_PATHS = NO;
				ASSETCATALOG_COMPILER_GENERATE_SWIFT_ASSET_SYMBOL_EXTENSIONS = YES;
				CLANG_ANALYZER_NONNULL = YES;
				CLANG_ANALYZER_NUMBER_OBJECT_CONVERSION = YES_AGGRESSIVE;
				CLANG_CXX_LANGUAGE_STANDARD = "gnu++20";
				CLANG_ENABLE_MODULES = YES;
				CLANG_ENABLE_OBJC_ARC = YES;
				CLANG_ENABLE_OBJC_WEAK = YES;
				CLANG_WARN_BLOCK_CAPTURE_AUTORELEASING = YES;
				CLANG_WARN_BOOL_CONVERSION = YES;
				CLANG_WARN_COMMA = YES;
				CLANG_WARN_CONSTANT_CONVERSION = YES;
				CLANG_WARN_DEPRECATED_OBJC_IMPLEMENTATIONS = YES;
				CLANG_WARN_DIRECT_OBJC_ISA_USAGE = YES_ERROR;
				CLANG_WARN_DOCUMENTATION_COMMENTS = YES;
				CLANG_WARN_EMPTY_BODY = YES;
				CLANG_WARN_ENUM_CONVERSION = YES;
				CLANG_WARN_INFINITE_RECURSION = YES;
				CLANG_WARN_INT_CONVERSION = YES;
				CLANG_WARN_NON_LITERAL_NULL_CONVERSION = YES;
				CLANG_WARN_OBJC_IMPLICIT_RETAIN_SELF = YES;
				CLANG_WARN_OBJC_LITERAL_CONVERSION = YES;
				CLANG_WARN_OBJC_ROOT_CLASS = YES_ERROR;
				CLANG_WARN_QUOTED_INCLUDE_IN_FRAMEWORK_HEADER = YES;
				CLANG_WARN_RANGE_LOOP_ANALYSIS = YES;
				CLANG_WARN_STRICT_PROTOTYPES = YES;
				CLANG_WARN_SUSPICIOUS_MOVE = YES;
				CLANG_WARN_UNGUARDED_AVAILABILITY = YES_AGGRESSIVE;
				CLANG_WARN_UNREACHABLE_CODE = YES;
				CLANG_WARN__DUPLICATE_METHOD_MATCH = YES;
				COPY_PHASE_STRIP = NO;
				DEBUG_INFORMATION_FORMAT = dwarf;
				ENABLE_STRICT_OBJC_MSGSEND = YES;
				ENABLE_TESTABILITY = YES;
				ENABLE_USER_SCRIPT_SANDBOXING = NO;
				GCC_C_LANGUAGE_STANDARD = gnu17;
				GCC_DYNAMIC_NO_PIC = NO;
				GCC_NO_COMMON_BLOCKS = YES;
				GCC_OPTIMIZATION_LEVEL = 0;
				GCC_PREPROCESSOR_DEFINITIONS = (
					"DEBUG=1",
					"$(inherited)",
				);
				GCC_WARN_64_TO_32_BIT_CONVERSION = YES;
				GCC_WARN_ABOUT_RETURN_TYPE = YES_ERROR;
				GCC_WARN_UNDECLARED_SELECTOR = YES;
				GCC_WARN_UNINITIALIZED_AUTOS = YES_AGGRESSIVE;
				GCC_WARN_UNUSED_FUNCTION = YES;
				GCC_WARN_UNUSED_VARIABLE = YES;
				IPHONEOS_DEPLOYMENT_TARGET = 17.0;
				LOCALIZATION_PREFERS_STRING_CATALOGS = YES;
				MTL_ENABLE_DEBUG_INFO = INCLUDE_SOURCE;
				MTL_FAST_MATH = YES;
				ONLY_ACTIVE_ARCH = YES;
				SDKROOT = iphoneos;
				SWIFT_ACTIVE_COMPILATION_CONDITIONS = "DEBUG $(inherited)";
				SWIFT_OPTIMIZATION_LEVEL = "-Onone";
			};
			name = Debug;
		};
		A05604422B3B492E0049B41B /* Release */ = {
			isa = XCBuildConfiguration;
			buildSettings = {
				ALWAYS_SEARCH_USER_PATHS = NO;
				ASSETCATALOG_COMPILER_GENERATE_SWIFT_ASSET_SYMBOL_EXTENSIONS = YES;
				CLANG_ANALYZER_NONNULL = YES;
				CLANG_ANALYZER_NUMBER_OBJECT_CONVERSION = YES_AGGRESSIVE;
				CLANG_CXX_LANGUAGE_STANDARD = "gnu++20";
				CLANG_ENABLE_MODULES = YES;
				CLANG_ENABLE_OBJC_ARC = YES;
				CLANG_ENABLE_OBJC_WEAK = YES;
				CLANG_WARN_BLOCK_CAPTURE_AUTORELEASING = YES;
				CLANG_WARN_BOOL_CONVERSION = YES;
				CLANG_WARN_COMMA = YES;
				CLANG_WARN_CONSTANT_CONVERSION = YES;
				CLANG_WARN_DEPRECATED_OBJC_IMPLEMENTATIONS = YES;
				CLANG_WARN_DIRECT_OBJC_ISA_USAGE = YES_ERROR;
				CLANG_WARN_DOCUMENTATION_COMMENTS = YES;
				CLANG_WARN_EMPTY_BODY = YES;
				CLANG_WARN_ENUM_CONVERSION = YES;
				CLANG_WARN_INFINITE_RECURSION = YES;
				CLANG_WARN_INT_CONVERSION = YES;
				CLANG_WARN_NON_LITERAL_NULL_CONVERSION = YES;
				CLANG_WARN_OBJC_IMPLICIT_RETAIN_SELF = YES;
				CLANG_WARN_OBJC_LITERAL_CONVERSION = YES;
				CLANG_WARN_OBJC_ROOT_CLASS = YES_ERROR;
				CLANG_WARN_QUOTED_INCLUDE_IN_FRAMEWORK_HEADER = YES;
				CLANG_WARN_RANGE_LOOP_ANALYSIS = YES;
				CLANG_WARN_STRICT_PROTOTYPES = YES;
				CLANG_WARN_SUSPICIOUS_MOVE = YES;
				CLANG_WARN_UNGUARDED_AVAILABILITY = YES_AGGRESSIVE;
				CLANG_WARN_UNREACHABLE_CODE = YES;
				CLANG_WARN__DUPLICATE_METHOD_MATCH = YES;
				COPY_PHASE_STRIP = NO;
				DEBUG_INFORMATION_FORMAT = "dwarf-with-dsym";
				ENABLE_NS_ASSERTIONS = NO;
				ENABLE_STRICT_OBJC_MSGSEND = YES;
				ENABLE_USER_SCRIPT_SANDBOXING = NO;
				GCC_C_LANGUAGE_STANDARD = gnu17;
				GCC_NO_COMMON_BLOCKS = YES;
				GCC_WARN_64_TO_32_BIT_CONVERSION = YES;
				GCC_WARN_ABOUT_RETURN_TYPE = YES_ERROR;
				GCC_WARN_UNDECLARED_SELECTOR = YES;
				GCC_WARN_UNINITIALIZED_AUTOS = YES_AGGRESSIVE;
				GCC_WARN_UNUSED_FUNCTION = YES;
				GCC_WARN_UNUSED_VARIABLE = YES;
				IPHONEOS_DEPLOYMENT_TARGET = 17.0;
				LOCALIZATION_PREFERS_STRING_CATALOGS = YES;
				MTL_ENABLE_DEBUG_INFO = NO;
				MTL_FAST_MATH = YES;
				SDKROOT = iphoneos;
				SWIFT_COMPILATION_MODE = wholemodule;
				VALIDATE_PRODUCT = YES;
			};
			name = Release;
		};
		A05604442B3B492E0049B41B /* Debug */ = {
			isa = XCBuildConfiguration;
			baseConfigurationReference = B513A6752F32988BA5F79847 /* Pods-NewsletterApp.debug.xcconfig */;
			buildSettings = {
				ASSETCATALOG_COMPILER_APPICON_NAME = AppIcon;
				ASSETCATALOG_COMPILER_GLOBAL_ACCENT_COLOR_NAME = AccentColor;
				CODE_SIGN_STYLE = Automatic;
				CURRENT_PROJECT_VERSION = 1;
				DEVELOPMENT_TEAM = XTJLJH9U6Z;
				GENERATE_INFOPLIST_FILE = YES;
				INFOPLIST_FILE = NewsletterApp/Info.plist;
				INFOPLIST_KEY_UIApplicationSupportsIndirectInputEvents = YES;
				INFOPLIST_KEY_UILaunchStoryboardName = LaunchScreen;
				INFOPLIST_KEY_UIMainStoryboardFile = Main;
				INFOPLIST_KEY_UISupportedInterfaceOrientations_iPad = "UIInterfaceOrientationPortrait UIInterfaceOrientationPortraitUpsideDown UIInterfaceOrientationLandscapeLeft UIInterfaceOrientationLandscapeRight";
				INFOPLIST_KEY_UISupportedInterfaceOrientations_iPhone = "UIInterfaceOrientationPortrait UIInterfaceOrientationLandscapeLeft UIInterfaceOrientationLandscapeRight";
				LD_RUNPATH_SEARCH_PATHS = (
					"$(inherited)",
					"@executable_path/Frameworks",
				);
				MARKETING_VERSION = 1.0;
				PRODUCT_BUNDLE_IDENTIFIER = com.flaminia.castano.NewsletterApp;
				PRODUCT_NAME = "$(TARGET_NAME)";
				SWIFT_EMIT_LOC_STRINGS = YES;
				SWIFT_VERSION = 5.0;
				TARGETED_DEVICE_FAMILY = "1,2";
			};
			name = Debug;
		};
		A05604452B3B492E0049B41B /* Release */ = {
			isa = XCBuildConfiguration;
			baseConfigurationReference = B804BC45052E4EBF316ED8A6 /* Pods-NewsletterApp.release.xcconfig */;
			buildSettings = {
				ASSETCATALOG_COMPILER_APPICON_NAME = AppIcon;
				ASSETCATALOG_COMPILER_GLOBAL_ACCENT_COLOR_NAME = AccentColor;
				CODE_SIGN_STYLE = Automatic;
				CURRENT_PROJECT_VERSION = 1;
				DEVELOPMENT_TEAM = XTJLJH9U6Z;
				GENERATE_INFOPLIST_FILE = YES;
				INFOPLIST_FILE = NewsletterApp/Info.plist;
				INFOPLIST_KEY_UIApplicationSupportsIndirectInputEvents = YES;
				INFOPLIST_KEY_UILaunchStoryboardName = LaunchScreen;
				INFOPLIST_KEY_UIMainStoryboardFile = Main;
				INFOPLIST_KEY_UISupportedInterfaceOrientations_iPad = "UIInterfaceOrientationPortrait UIInterfaceOrientationPortraitUpsideDown UIInterfaceOrientationLandscapeLeft UIInterfaceOrientationLandscapeRight";
				INFOPLIST_KEY_UISupportedInterfaceOrientations_iPhone = "UIInterfaceOrientationPortrait UIInterfaceOrientationLandscapeLeft UIInterfaceOrientationLandscapeRight";
				LD_RUNPATH_SEARCH_PATHS = (
					"$(inherited)",
					"@executable_path/Frameworks",
				);
				MARKETING_VERSION = 1.0;
				PRODUCT_BUNDLE_IDENTIFIER = com.flaminia.castano.NewsletterApp;
				PRODUCT_NAME = "$(TARGET_NAME)";
				SWIFT_EMIT_LOC_STRINGS = YES;
				SWIFT_VERSION = 5.0;
				TARGETED_DEVICE_FAMILY = "1,2";
			};
			name = Release;
		};
		A05604472B3B492E0049B41B /* Debug */ = {
			isa = XCBuildConfiguration;
			baseConfigurationReference = 657B6FFF4DFA56CA95139BE2 /* Pods-NewsletterAppTests.debug.xcconfig */;
			buildSettings = {
				ALWAYS_EMBED_SWIFT_STANDARD_LIBRARIES = YES;
				BUNDLE_LOADER = "$(TEST_HOST)";
				CODE_SIGN_STYLE = Automatic;
				CURRENT_PROJECT_VERSION = 1;
				DEVELOPMENT_TEAM = XTJLJH9U6Z;
				GENERATE_INFOPLIST_FILE = YES;
				IPHONEOS_DEPLOYMENT_TARGET = 17.0;
				MARKETING_VERSION = 1.0;
				PRODUCT_BUNDLE_IDENTIFIER = com.flaminia.castano.NewsletterAppTests;
				PRODUCT_NAME = "$(TARGET_NAME)";
				SWIFT_EMIT_LOC_STRINGS = NO;
				SWIFT_VERSION = 5.0;
				TARGETED_DEVICE_FAMILY = "1,2";
				TEST_HOST = "$(BUILT_PRODUCTS_DIR)/NewsletterApp.app/$(BUNDLE_EXECUTABLE_FOLDER_PATH)/NewsletterApp";
			};
			name = Debug;
		};
		A05604482B3B492E0049B41B /* Release */ = {
			isa = XCBuildConfiguration;
			baseConfigurationReference = FECE3BCBD7A54BB59906D33C /* Pods-NewsletterAppTests.release.xcconfig */;
			buildSettings = {
				ALWAYS_EMBED_SWIFT_STANDARD_LIBRARIES = YES;
				BUNDLE_LOADER = "$(TEST_HOST)";
				CODE_SIGN_STYLE = Automatic;
				CURRENT_PROJECT_VERSION = 1;
				DEVELOPMENT_TEAM = XTJLJH9U6Z;
				GENERATE_INFOPLIST_FILE = YES;
				IPHONEOS_DEPLOYMENT_TARGET = 17.0;
				MARKETING_VERSION = 1.0;
				PRODUCT_BUNDLE_IDENTIFIER = com.flaminia.castano.NewsletterAppTests;
				PRODUCT_NAME = "$(TARGET_NAME)";
				SWIFT_EMIT_LOC_STRINGS = NO;
				SWIFT_VERSION = 5.0;
				TARGETED_DEVICE_FAMILY = "1,2";
				TEST_HOST = "$(BUILT_PRODUCTS_DIR)/NewsletterApp.app/$(BUNDLE_EXECUTABLE_FOLDER_PATH)/NewsletterApp";
			};
			name = Release;
		};
		A056044A2B3B492E0049B41B /* Debug */ = {
			isa = XCBuildConfiguration;
			baseConfigurationReference = 0F116747740E9A71045400B6 /* Pods-NewsletterApp-NewsletterAppUITests.debug.xcconfig */;
			buildSettings = {
				ALWAYS_EMBED_SWIFT_STANDARD_LIBRARIES = YES;
				CODE_SIGN_STYLE = Automatic;
				CURRENT_PROJECT_VERSION = 1;
				DEVELOPMENT_TEAM = XTJLJH9U6Z;
				GENERATE_INFOPLIST_FILE = YES;
				MARKETING_VERSION = 1.0;
				PRODUCT_BUNDLE_IDENTIFIER = com.flaminia.castano.NewsletterAppUITests;
				PRODUCT_NAME = "$(TARGET_NAME)";
				SWIFT_EMIT_LOC_STRINGS = NO;
				SWIFT_VERSION = 5.0;
				TARGETED_DEVICE_FAMILY = "1,2";
				TEST_TARGET_NAME = NewsletterApp;
			};
			name = Debug;
		};
		A056044B2B3B492E0049B41B /* Release */ = {
			isa = XCBuildConfiguration;
			baseConfigurationReference = 5BE946EB9630192C114AAA4A /* Pods-NewsletterApp-NewsletterAppUITests.release.xcconfig */;
			buildSettings = {
				ALWAYS_EMBED_SWIFT_STANDARD_LIBRARIES = YES;
				CODE_SIGN_STYLE = Automatic;
				CURRENT_PROJECT_VERSION = 1;
				DEVELOPMENT_TEAM = XTJLJH9U6Z;
				GENERATE_INFOPLIST_FILE = YES;
				MARKETING_VERSION = 1.0;
				PRODUCT_BUNDLE_IDENTIFIER = com.flaminia.castano.NewsletterAppUITests;
				PRODUCT_NAME = "$(TARGET_NAME)";
				SWIFT_EMIT_LOC_STRINGS = NO;
				SWIFT_VERSION = 5.0;
				TARGETED_DEVICE_FAMILY = "1,2";
				TEST_TARGET_NAME = NewsletterApp;
			};
			name = Release;
		};
/* End XCBuildConfiguration section */

/* Begin XCConfigurationList section */
		A05604142B3B492D0049B41B /* Build configuration list for PBXProject "NewsletterApp" */ = {
			isa = XCConfigurationList;
			buildConfigurations = (
				A05604412B3B492E0049B41B /* Debug */,
				A05604422B3B492E0049B41B /* Release */,
			);
			defaultConfigurationIsVisible = 0;
			defaultConfigurationName = Release;
		};
		A05604432B3B492E0049B41B /* Build configuration list for PBXNativeTarget "NewsletterApp" */ = {
			isa = XCConfigurationList;
			buildConfigurations = (
				A05604442B3B492E0049B41B /* Debug */,
				A05604452B3B492E0049B41B /* Release */,
			);
			defaultConfigurationIsVisible = 0;
			defaultConfigurationName = Release;
		};
		A05604462B3B492E0049B41B /* Build configuration list for PBXNativeTarget "NewsletterAppTests" */ = {
			isa = XCConfigurationList;
			buildConfigurations = (
				A05604472B3B492E0049B41B /* Debug */,
				A05604482B3B492E0049B41B /* Release */,
			);
			defaultConfigurationIsVisible = 0;
			defaultConfigurationName = Release;
		};
		A05604492B3B492E0049B41B /* Build configuration list for PBXNativeTarget "NewsletterAppUITests" */ = {
			isa = XCConfigurationList;
			buildConfigurations = (
				A056044A2B3B492E0049B41B /* Debug */,
				A056044B2B3B492E0049B41B /* Release */,
			);
			defaultConfigurationIsVisible = 0;
			defaultConfigurationName = Release;
		};
/* End XCConfigurationList section */
	};
	rootObject = A05604112B3B492D0049B41B /* Project object */;
}
